<?xml version="1.0" encoding="utf-8"?>
<Project ToolsVersion="4.0" xmlns="http://schemas.microsoft.com/developer/msbuild/2003">
  <ItemGroup>
    <Filter Include="sources\scenes">
      <UniqueIdentifier>{18aa0c2c-7949-4c69-bc08-6784e6a41a09}</UniqueIdentifier>
    </Filter>
    <Filter Include="sources">
      <UniqueIdentifier>{9edcbb14-64ed-4800-b228-25f1ab80a1ef}</UniqueIdentifier>
    </Filter>
    <Filter Include="sources\racing">
      <UniqueIdentifier>{171a414f-d1e2-4b86-9d6a-0c680cba1f28}</UniqueIdentifier>
    </Filter>
    <Filter Include="sources\models\physics">
      <UniqueIdentifier>{03c4ce3f-63b4-405c-9d28-2ab292b9ee3c}</UniqueIdentifier>
    </Filter>
    <Filter Include="sources\models">
      <UniqueIdentifier>{e3c164bc-7b55-4d88-825c-f568a4883e50}</UniqueIdentifier>
    </Filter>
    <Filter Include="sources\models\car">
      <UniqueIdentifier>{2c6fc02a-f544-4aba-8935-9f4f716b8144}</UniqueIdentifier>
    </Filter>
    <Filter Include="sources\models\controllers">
      <UniqueIdentifier>{f64272cb-1316-468d-b622-d4cd4e31e148}</UniqueIdentifier>
    </Filter>
    <Filter Include="sources\input">
      <UniqueIdentifier>{7dad7ed6-d80c-4bbc-8ca2-125086750c4a}</UniqueIdentifier>
    </Filter>
    <Filter Include="sources\drawing">
      <UniqueIdentifier>{d722d241-fd56-485e-8c86-a3f71ce2090d}</UniqueIdentifier>
    </Filter>
    <Filter Include="sources\drawing\camera">
      <UniqueIdentifier>{1be30cee-9f51-4b65-ba1d-a7ac3636f8c2}</UniqueIdentifier>
    </Filter>
    <Filter Include="sources\drawing\model">
      <UniqueIdentifier>{a807bd38-f18f-4f2a-9c23-258e2ebd6c26}</UniqueIdentifier>
    </Filter>
  </ItemGroup>
  <ItemGroup>
    <ClCompile Include="sources\scenes\RaceScene.cpp">
      <Filter>sources\scenes</Filter>
    </ClCompile>
    <ClCompile Include="sources\racing\Race.cpp">
      <Filter>sources\racing</Filter>
    </ClCompile>
    <ClCompile Include="sources\models\physics\PhysicalModel.cpp">
      <Filter>sources\models\physics</Filter>
    </ClCompile>
    <ClCompile Include="sources\models\car\RaceCar.cpp">
      <Filter>sources\models\car</Filter>
    </ClCompile>
    <ClCompile Include="sources\models\controllers\ComputerRaceCarController.cpp">
      <Filter>sources\models\controllers</Filter>
    </ClCompile>
    <ClCompile Include="sources\models\controllers\PlayerRaceCarController.cpp">
      <Filter>sources\models\controllers</Filter>
    </ClCompile>
    <ClCompile Include="sources\models\car\RaceCarFactory.cpp">
      <Filter>sources\models\car</Filter>
    </ClCompile>
    <ClCompile Include="sources\input\InputHandler.cpp">
      <Filter>sources\input</Filter>
    </ClCompile>
    <ClCompile Include="sources\models\controllers\RaceCarController.cpp">
      <Filter>sources\models\controllers</Filter>
    </ClCompile>
    <ClCompile Include="sources\scenes\Scene.cpp">
      <Filter>sources\scenes</Filter>
    </ClCompile>
    <ClCompile Include="main.cpp" />
    <ClCompile Include="sources\drawing\camera\Camera.cpp" />
  </ItemGroup>
  <ItemGroup>
    <ClInclude Include="sources\scenes\RaceScene.h">
      <Filter>sources\scenes</Filter>
    </ClInclude>
    <ClInclude Include="sources\racing\Race.h">
      <Filter>sources\racing</Filter>
    </ClInclude>
    <ClInclude Include="sources\models\physics\PhysicalModel.h">
      <Filter>sources\models\physics</Filter>
    </ClInclude>
    <ClInclude Include="sources\models\controllers\ComputerRaceCarController.h">
      <Filter>sources\models\controllers</Filter>
    </ClInclude>
    <ClInclude Include="sources\models\controllers\PlayerRaceCarController.h">
      <Filter>sources\models\controllers</Filter>
    </ClInclude>
    <ClInclude Include="sources\models\car\RaceCarFactory.h">
      <Filter>sources\models\car</Filter>
    </ClInclude>
    <ClInclude Include="sources\input\InputHandler.h">
      <Filter>sources\input</Filter>
    </ClInclude>
    <ClInclude Include="sources\models\controllers\RaceCarController.h">
      <Filter>sources\models\controllers</Filter>
    </ClInclude>
    <ClInclude Include="sources\models\car\RaceCar.h">
      <Filter>sources\models\car</Filter>
    </ClInclude>
    <ClInclude Include="sources\models\physics\Rotation.h">
      <Filter>sources\models\physics</Filter>
    </ClInclude>
    <ClInclude Include="sources\scenes\Scene.h">
      <Filter>sources\scenes</Filter>
    </ClInclude>
    <ClInclude Include="sources\drawing\camera\Camera.h">
      <Filter>sources\drawing\camera</Filter>
    </ClInclude>
    <ClInclude Include="sources\drawing\Drawable.h">
      <Filter>sources\drawing</Filter>
    </ClInclude>
    <ClInclude Include="sources\drawing\model\Mesh.h">
      <Filter>sources\drawing\model</Filter>
    </ClInclude>
    <ClInclude Include="sources\drawing\model\Model.h">
      <Filter>sources\drawing\model</Filter>
    </ClInclude>
    <ClInclude Include="sources\drawing\model\Shader.h">
      <Filter>sources\drawing\model</Filter>
    </ClInclude>
    <ClInclude Include="sources\drawing\RenderedObject.h">
      <Filter>sources\drawing</Filter>
    </ClInclude>
    <ClInclude Include="sources\drawing\UpdatedObject.h">
      <Filter>sources\drawing</Filter>
    </ClInclude>
    <ClInclude Include="sources\drawing\camera\CameraFollowedObject.h" />
  </ItemGroup>
</Project>