<?xml version="1.0" encoding="utf-8"?>
<Project ToolsVersion="4.0" xmlns="http://schemas.microsoft.com/developer/msbuild/2003">
  <ItemGroup>
    <Filter Include="sources\scenes">
      <UniqueIdentifier>{2f7f73d3-c28e-4054-ac60-c57e8887b4e8}</UniqueIdentifier>
    </Filter>
    <Filter Include="sources">
      <UniqueIdentifier>{e5f967a7-899a-4c26-85c3-0c1f8e508539}</UniqueIdentifier>
    </Filter>
    <Filter Include="sources\racing">
      <UniqueIdentifier>{1fbf9883-de98-4e05-a70b-9ce0c1748f95}</UniqueIdentifier>
    </Filter>
    <Filter Include="sources\models\physics">
      <UniqueIdentifier>{393ffd3e-58bf-4889-a767-1dc71bf1349b}</UniqueIdentifier>
    </Filter>
    <Filter Include="sources\models">
      <UniqueIdentifier>{ccde19ab-e8ed-4c21-8064-ac6a1bee6381}</UniqueIdentifier>
    </Filter>
    <Filter Include="sources\models\car">
      <UniqueIdentifier>{4f2ff206-300d-47fa-833b-6792dc7be0b8}</UniqueIdentifier>
    </Filter>
    <Filter Include="sources\models\controllers">
      <UniqueIdentifier>{1e9ca7e8-a61a-41c6-a843-7ce2c296052d}</UniqueIdentifier>
    </Filter>
    <Filter Include="sources\input">
      <UniqueIdentifier>{9e531956-a70f-48ad-b73d-7a385df14fe7}</UniqueIdentifier>
    </Filter>
    <Filter Include="sources\drawing\camera">
      <UniqueIdentifier>{410cfe92-d728-436b-9baf-52ef6eec91f6}</UniqueIdentifier>
    </Filter>
    <Filter Include="sources\drawing">
      <UniqueIdentifier>{3bab4cfa-b1ac-43cd-a7c7-086ea0a14eaf}</UniqueIdentifier>
    </Filter>
    <Filter Include="sources\drawing\model">
      <UniqueIdentifier>{dfdf5626-0708-4dc4-baab-36438bee1009}</UniqueIdentifier>
    </Filter>
  </ItemGroup>
  <ItemGroup>
    <ClCompile Include="sources\scenes\RaceScene.cpp">
      <Filter>sources\scenes</Filter>
    </ClCompile>
    <ClCompile Include="sources\scenes\Scene.cpp">
      <Filter>sources\scenes</Filter>
    </ClCompile>
    <ClCompile Include="sources\racing\Race.cpp">
      <Filter>sources\racing</Filter>
    </ClCompile>
    <ClCompile Include="sources\models\physics\PhysicalModel.cpp">
      <Filter>sources\models\physics</Filter>
    </ClCompile>
    <ClCompile Include="sources\models\car\RaceCar.cpp">
      <Filter>sources\models\car</Filter>
    </ClCompile>
    <ClCompile Include="sources\models\car\RaceCarFactory.cpp">
      <Filter>sources\models\car</Filter>
    </ClCompile>
    <ClCompile Include="sources\models\controllers\ComputerRaceCarController.cpp">
      <Filter>sources\models\controllers</Filter>
    </ClCompile>
    <ClCompile Include="sources\models\controllers\PlayerRaceCarController.cpp">
      <Filter>sources\models\controllers</Filter>
    </ClCompile>
    <ClCompile Include="sources\models\controllers\RaceCarController.cpp">
      <Filter>sources\models\controllers</Filter>
    </ClCompile>
    <ClCompile Include="sources\input\InputHandler.cpp">
      <Filter>sources\input</Filter>
    </ClCompile>
    <ClCompile Include="sources\drawing\camera\Camera.cpp">
      <Filter>sources\drawing\camera</Filter>
    </ClCompile>
  </ItemGroup>
  <ItemGroup>
    <ClInclude Include="sources\scenes\RaceScene.h">
      <Filter>sources\scenes</Filter>
    </ClInclude>
    <ClInclude Include="sources\scenes\TerrainLoader.h">
      <Filter>sources\scenes</Filter>
    </ClInclude>
    <ClInclude Include="sources\scenes\Scene.h">
      <Filter>sources\scenes</Filter>
    </ClInclude>
    <ClInclude Include="sources\racing\Race.h">
      <Filter>sources\racing</Filter>
    </ClInclude>
    <ClInclude Include="sources\models\physics\PhysicalModel.h">
      <Filter>sources\models\physics</Filter>
    </ClInclude>
    <ClInclude Include="sources\models\car\RaceCarFactory.h">
      <Filter>sources\models\car</Filter>
    </ClInclude>
    <ClInclude Include="sources\models\car\RaceCar.h">
      <Filter>sources\models\car</Filter>
    </ClInclude>
    <ClInclude Include="sources\models\controllers\ComputerRaceCarController.h">
      <Filter>sources\models\controllers</Filter>
    </ClInclude>
    <ClInclude Include="sources\models\controllers\PlayerRaceCarController.h">
      <Filter>sources\models\controllers</Filter>
    </ClInclude>
    <ClInclude Include="sources\models\controllers\RaceCarController.h">
      <Filter>sources\models\controllers</Filter>
    </ClInclude>
    <ClInclude Include="sources\input\InputHandler.h">
      <Filter>sources\input</Filter>
    </ClInclude>
    <ClInclude Include="sources\drawing\UpdatedObject.h">
      <Filter>sources\drawing</Filter>
    </ClInclude>
    <ClInclude Include="sources\drawing\RenderedObject.h">
      <Filter>sources\drawing</Filter>
    </ClInclude>
    <ClInclude Include="sources\drawing\Drawable.h">
      <Filter>sources\drawing</Filter>
    </ClInclude>
    <ClInclude Include="sources\drawing\camera\CameraFollowedObject.h">
      <Filter>sources\drawing\camera</Filter>
    </ClInclude>
    <ClInclude Include="sources\drawing\camera\Camera.h">
      <Filter>sources\drawing\camera</Filter>
    </ClInclude>
    <ClInclude Include="sources\drawing\model\Mesh.h">
      <Filter>sources\drawing\model</Filter>
    </ClInclude>
    <ClInclude Include="sources\drawing\model\Model.h">
      <Filter>sources\drawing\model</Filter>
    </ClInclude>
    <ClInclude Include="sources\drawing\model\Shader.h">
      <Filter>sources\drawing\model</Filter>
    </ClInclude>
  </ItemGroup>
</Project>